
Microsoft Visual Studio Solution File, Format Version 12.00
# Visual Studio Version 17
VisualStudioVersion = 17.0.31919.166
MinimumVisualStudioVersion = 10.0.40219.1
Project("{8BC9CEB8-8B4A-11D0-8D11-00A0C91BC942}") = "Engine", "Engine.vcxproj", "{7616FED7-C341-4544-B488-226B3A082786}"
EndProject
Project("{FAE04EC0-301F-11D3-BF4B-00C04F79EFBC}") = "VoodooEditor", "VoodooEditor\VoodooEditor.csproj", "{63DFAF3C-6A4F-4958-9AAE-BFB2CD6C7F97}"
EndProject
Global
	GlobalSection(SolutionConfigurationPlatforms) = preSolution
		Debug|Any CPU = Debug|Any CPU
		Debug|x64 = Debug|x64
		Release|Any CPU = Release|Any CPU
		Release|x64 = Release|x64
	EndGlobalSection
	GlobalSection(ProjectConfigurationPlatforms) = postSolution
		{7616FED7-C341-4544-B488-226B3A082786}.Debug|Any CPU.ActiveCfg = Debug|x64
		{7616FED7-C341-4544-B488-226B3A082786}.Debug|Any CPU.Build.0 = Debug|x64
		{7616FED7-C341-4544-B488-226B3A082786}.Debug|x64.ActiveCfg = Debug|x64
		{7616FED7-C341-4544-B488-226B3A082786}.Debug|x64.Build.0 = Debug|x64
		{7616FED7-C341-4544-B488-226B3A082786}.Release|Any CPU.ActiveCfg = Release|x64
		{7616FED7-C341-4544-B488-226B3A082786}.Release|Any CPU.Build.0 = Release|x64
		{7616FED7-C341-4544-B488-226B3A082786}.Release|x64.ActiveCfg = Release|x64
		{7616FED7-C341-4544-B488-226B3A082786}.Release|x64.Build.0 = Release|x64
		{63DFAF3C-6A4F-4958-9AAE-BFB2CD6C7F97}.Debug|Any CPU.ActiveCfg = Debug|Any CPU
		{63DFAF3C-6A4F-4958-9AAE-BFB2CD6C7F97}.Debug|Any CPU.Build.0 = Debug|Any CPU
		{63DFAF3C-6A4F-4958-9AAE-BFB2CD6C7F97}.Debug|x64.ActiveCfg = Debug|Any CPU
		{63DFAF3C-6A4F-4958-9AAE-BFB2CD6C7F97}.Debug|x64.Build.0 = Debug|Any CPU
		{63DFAF3C-6A4F-4958-9AAE-BFB2CD6C7F97}.Release|Any CPU.ActiveCfg = Release|Any CPU
		{63DFAF3C-6A4F-4958-9AAE-BFB2CD6C7F97}.Release|Any CPU.Build.0 = Release|Any CPU
		{63DFAF3C-6A4F-4958-9AAE-BFB2CD6C7F97}.Release|x64.ActiveCfg = Release|Any CPU
		{63DFAF3C-6A4F-4958-9AAE-BFB2CD6C7F97}.Release|x64.Build.0 = Release|Any CPU
	EndGlobalSection
	GlobalSection(SolutionProperties) = preSolution
		HideSolutionNode = FALSE
	EndGlobalSection
	GlobalSection(ExtensibilityGlobals) = postSolution
		SolutionGuid = {A240D96A-16B6-4662-B6B0-785ABB9B3DCD}
	EndGlobalSection
EndGlobal
